
Microsoft Visual Studio Solution File, Format Version 12.00
# Visual Studio Version 17
VisualStudioVersion = 17.0.31903.59
MinimumVisualStudioVersion = 10.0.40219.1
Project("{FAE04EC0-301F-11D3-BF4B-00C04F79EFBC}") = "Catalog.API", "Catalog.API\Catalog.API.csproj", "{432F35C7-B19F-4897-A198-46722A4FF8E4}"
EndProject
Project("{FAE04EC0-301F-11D3-BF4B-00C04F79EFBC}") = "Web.Frontend", "Web.Frontend\Web.Frontend.csproj", "{13500ED1-1BAB-4EA4-A818-8EEE94378540}"
EndProject
Project("{FAE04EC0-301F-11D3-BF4B-00C04F79EFBC}") = "Web.Frontend.Tests", "Web.Frontend.Tests\Web.Frontend.Tests.csproj", "{41CCA8A7-197F-422C-81B7-50A663BA375A}"
EndProject
Global
	GlobalSection(SolutionConfigurationPlatforms) = preSolution
		Debug|Any CPU = Debug|Any CPU
		Release|Any CPU = Release|Any CPU
	EndGlobalSection
	GlobalSection(SolutionProperties) = preSolution
		HideSolutionNode = FALSE
	EndGlobalSection
	GlobalSection(ProjectConfigurationPlatforms) = postSolution
		{432F35C7-B19F-4897-A198-46722A4FF8E4}.Debug|Any CPU.ActiveCfg = Debug|Any CPU
		{432F35C7-B19F-4897-A198-46722A4FF8E4}.Debug|Any CPU.Build.0 = Debug|Any CPU
		{432F35C7-B19F-4897-A198-46722A4FF8E4}.Release|Any CPU.ActiveCfg = Release|Any CPU
		{432F35C7-B19F-4897-A198-46722A4FF8E4}.Release|Any CPU.Build.0 = Release|Any CPU
		{13500ED1-1BAB-4EA4-A818-8EEE94378540}.Debug|Any CPU.ActiveCfg = Debug|Any CPU
		{13500ED1-1BAB-4EA4-A818-8EEE94378540}.Debug|Any CPU.Build.0 = Debug|Any CPU
		{13500ED1-1BAB-4EA4-A818-8EEE94378540}.Release|Any CPU.ActiveCfg = Release|Any CPU
		{13500ED1-1BAB-4EA4-A818-8EEE94378540}.Release|Any CPU.Build.0 = Release|Any CPU
		{41CCA8A7-197F-422C-81B7-50A663BA375A}.Debug|Any CPU.ActiveCfg = Debug|Any CPU
		{41CCA8A7-197F-422C-81B7-50A663BA375A}.Debug|Any CPU.Build.0 = Debug|Any CPU
		{41CCA8A7-197F-422C-81B7-50A663BA375A}.Release|Any CPU.ActiveCfg = Release|Any CPU
		{41CCA8A7-197F-422C-81B7-50A663BA375A}.Release|Any CPU.Build.0 = Release|Any CPU
	EndGlobalSection
EndGlobal
